{
    "name": "canvas-plugin-comfyui-autodl",
    "version": "1.4.2",
    "lockfileVersion": 3,
    "requires": true,
    "packages": {
        "": {
            "name": "canvas-plugin-comfyui-autodl",
            "version": "1.4.2",
            "devDependencies": {
                "@infinite-canvas/plugin-sdk": "file:../infinite-canvas/plugins/canvas/sdk",
                "@types/react": "19.1.12",
                "localforage": "^1.10.0",
                "typescript": "^5"
            }
        },
        "../infinite-canvas/plugins/canvas/sdk": {
            "name": "@infinite-canvas/plugin-sdk",
            "version": "0.1.0",
            "dev": true,
            "devDependencies": {
                "@types/react": "19.1.12",
                "esbuild": "^0.25.0",
                "typescript": "^5"
            },
            "peerDependencies": {
                "@types/react": ">=18"
            }
        },
        "node_modules/@infinite-canvas/plugin-sdk": {
            "resolved": "../infinite-canvas/plugins/canvas/sdk",
            "link": true
        },
        "node_modules/@types/react": {
            "version": "19.1.12",
            "resolved": "https://registry.npmjs.org/@types/react/-/react-19.1.12.tgz",
            "integrity": "sha512-cMoR+FoAf/Jyq6+Df2/Z41jISvGZZ2eTlnsaJRptmZ76Caldwy1odD4xTr/gNV9VLj0AWgg/nmkevIyUfIIq5w==",
            "dev": true,
            "license": "MIT",
            "dependencies": {
                "csstype": "^3.0.2"
            }
        },
        "node_modules/csstype": {
            "version": "3.2.3",
            "resolved": "https://registry.npmjs.org/csstype/-/csstype-3.2.3.tgz",
            "integrity": "sha512-z1HGKcYy2xA8AGQfwrn0PAy+PB7X/GSj3UVJW9qKyn43xWa+gl5nXmU4qqLMRzWVLFC8KusUX8T/0kCiOYpAIQ==",
            "dev": true,
            "license": "MIT"
        },
        "node_modules/immediate": {
            "version": "3.0.6",
            "resolved": "https://registry.npmjs.org/immediate/-/immediate-3.0.6.tgz",
            "integrity": "sha512-XXOFtyqDjNDAQxVfYxuF7g9Il/IbWmmlQg2MYKOH8ExIT1qg6xc4zyS3HaEEATgs1btfzxq15ciUiY7gjSXRGQ==",
            "dev": true,
            "license": "MIT"
        },
        "node_modules/lie": {
            "version": "3.1.1",
            "resolved": "https://registry.npmjs.org/lie/-/lie-3.1.1.tgz",
            "integrity": "sha512-RiNhHysUjhrDQntfYSfY4MU24coXXdEOgw9WGcKHNeEwffDYbF//u87M1EWaMGzuFoSbqW0C9C6lEEhDOAswfw==",
            "dev": true,
            "license": "MIT",
            "dependencies": {
                "immediate": "~3.0.5"
            }
        },
        "node_modules/localforage": {
            "version": "1.10.0",
            "resolved": "https://registry.npmjs.org/localforage/-/localforage-1.10.0.tgz",
            "integrity": "sha512-14/H1aX7hzBBmmh7sGPd+AOMkkIrHM3Z1PAyGgZigA1H1p5O5ANnMyWzvpAETtG68/dC4pC0ncy3+PPGzXZHPg==",
            "dev": true,
            "license": "Apache-2.0",
            "dependencies": {
                "lie": "3.1.1"
            }
        },
        "node_modules/typescript": {
            "version": "5.9.3",
            "resolved": "https://registry.npmjs.org/typescript/-/typescript-5.9.3.tgz",
            "integrity": "sha512-jl1vZzPDinLr9eUt3J/t7V6FgNEw9QjvBPdysz9KfQDD41fQrC2Y4vKQdiaUpFT4bXlb1RHhLpp8wtm6M5TgSw==",
            "dev": true,
            "license": "Apache-2.0",
            "bin": {
                "tsc": "bin/tsc",
                "tsserver": "bin/tsserver"
            },
            "engines": {
                "node": ">=14.17"
            }
        }
    }
}
